
Microsoft Visual Studio Solution File, Format Version 12.00
# Visual Studio Version 16
VisualStudioVersion = 16.0.31624.102
MinimumVisualStudioVersion = 10.0.40219.1
Project("{9A19103F-16F7-4668-BE54-9A1E7A4F7556}") = "CatalogoJogos.API", "src\CatalogoJogos.API\CatalogoJogos.API.csproj", "{C61D0472-2027-4659-809D-CC4372B099FC}"
EndProject
Project("{9A19103F-16F7-4668-BE54-9A1E7A4F7556}") = "CatalogoJogos.Testes", "testes\CatalogoJogos.Testes\CatalogoJogos.Testes.csproj", "{18D76BB4-BD31-4C1B-B9DA-E4E54E1F7B0D}"
EndProject
Global
	GlobalSection(SolutionConfigurationPlatforms) = preSolution
		Debug|Any CPU = Debug|Any CPU
		Release|Any CPU = Release|Any CPU
	EndGlobalSection
	GlobalSection(ProjectConfigurationPlatforms) = postSolution
		{C61D0472-2027-4659-809D-CC4372B099FC}.Debug|Any CPU.ActiveCfg = Debug|Any CPU
		{C61D0472-2027-4659-809D-CC4372B099FC}.Debug|Any CPU.Build.0 = Debug|Any CPU
		{C61D0472-2027-4659-809D-CC4372B099FC}.Release|Any CPU.ActiveCfg = Release|Any CPU
		{C61D0472-2027-4659-809D-CC4372B099FC}.Release|Any CPU.Build.0 = Release|Any CPU
		{18D76BB4-BD31-4C1B-B9DA-E4E54E1F7B0D}.Debug|Any CPU.ActiveCfg = Debug|Any CPU
		{18D76BB4-BD31-4C1B-B9DA-E4E54E1F7B0D}.Debug|Any CPU.Build.0 = Debug|Any CPU
		{18D76BB4-BD31-4C1B-B9DA-E4E54E1F7B0D}.Release|Any CPU.ActiveCfg = Release|Any CPU
		{18D76BB4-BD31-4C1B-B9DA-E4E54E1F7B0D}.Release|Any CPU.Build.0 = Release|Any CPU
	EndGlobalSection
	GlobalSection(SolutionProperties) = preSolution
		HideSolutionNode = FALSE
	EndGlobalSection
	GlobalSection(ExtensibilityGlobals) = postSolution
		SolutionGuid = {7E83CAF0-8E1E-48E7-B23F-A3F7C02F6A08}
	EndGlobalSection
EndGlobal
